
Microsoft Visual Studio Solution File, Format Version 12.00
# Visual Studio Version 17
VisualStudioVersion = 17.8.34511.84
MinimumVisualStudioVersion = 10.0.40219.1
Project("{9A19103F-16F7-4668-BE54-9A1E7A4F7556}") = "ConsoleApp2", "ConsoleApp2\ConsoleApp2.csproj", "{8614C259-797D-447F-8154-452AF8E9533D}"
EndProject
Project("{FAE04EC0-301F-11D3-BF4B-00C04F79EFBC}") = "TestProject1", "TestProject1\TestProject1.csproj", "{71A68C59-D962-45F6-9488-D2907BD8A1B7}"
EndProject
Global
	GlobalSection(SolutionConfigurationPlatforms) = preSolution
		Debug|Any CPU = Debug|Any CPU
		Release|Any CPU = Release|Any CPU
	EndGlobalSection
	GlobalSection(ProjectConfigurationPlatforms) = postSolution
		{8614C259-797D-447F-8154-452AF8E9533D}.Debug|Any CPU.ActiveCfg = Debug|Any CPU
		{8614C259-797D-447F-8154-452AF8E9533D}.Debug|Any CPU.Build.0 = Debug|Any CPU
		{8614C259-797D-447F-8154-452AF8E9533D}.Release|Any CPU.ActiveCfg = Release|Any CPU
		{8614C259-797D-447F-8154-452AF8E9533D}.Release|Any CPU.Build.0 = Release|Any CPU
		{71A68C59-D962-45F6-9488-D2907BD8A1B7}.Debug|Any CPU.ActiveCfg = Debug|Any CPU
		{71A68C59-D962-45F6-9488-D2907BD8A1B7}.Debug|Any CPU.Build.0 = Debug|Any CPU
		{71A68C59-D962-45F6-9488-D2907BD8A1B7}.Release|Any CPU.ActiveCfg = Release|Any CPU
		{71A68C59-D962-45F6-9488-D2907BD8A1B7}.Release|Any CPU.Build.0 = Release|Any CPU
	EndGlobalSection
	GlobalSection(SolutionProperties) = preSolution
		HideSolutionNode = FALSE
	EndGlobalSection
	GlobalSection(ExtensibilityGlobals) = postSolution
		SolutionGuid = {21EBCCC5-6B27-4400-A2BE-0EB4631CC97E}
	EndGlobalSection
EndGlobal
